
Microsoft Visual Studio Solution File, Format Version 12.00
# Visual Studio Version 17
VisualStudioVersion = 17.2.32519.379
MinimumVisualStudioVersion = 10.0.40219.1
Project("{FAE04EC0-301F-11D3-BF4B-00C04F79EFBC}") = "calculator", "calculator\calculator.csproj", "{B121A536-8BCD-4D3F-AAEC-9F7366C8B9E3}"
EndProject
Global
	GlobalSection(SolutionConfigurationPlatforms) = preSolution
		Debug|Any CPU = Debug|Any CPU
		Release|Any CPU = Release|Any CPU
	EndGlobalSection
	GlobalSection(ProjectConfigurationPlatforms) = postSolution
		{B121A536-8BCD-4D3F-AAEC-9F7366C8B9E3}.Debug|Any CPU.ActiveCfg = Debug|Any CPU
		{B121A536-8BCD-4D3F-AAEC-9F7366C8B9E3}.Debug|Any CPU.Build.0 = Debug|Any CPU
		{B121A536-8BCD-4D3F-AAEC-9F7366C8B9E3}.Release|Any CPU.ActiveCfg = Release|Any CPU
		{B121A536-8BCD-4D3F-AAEC-9F7366C8B9E3}.Release|Any CPU.Build.0 = Release|Any CPU
	EndGlobalSection
	GlobalSection(SolutionProperties) = preSolution
		HideSolutionNode = FALSE
	EndGlobalSection
	GlobalSection(ExtensibilityGlobals) = postSolution
		SolutionGuid = {B5B857F6-E0B1-4390-B085-418FB26324C3}
	EndGlobalSection
EndGlobal
